# This file was autogenerated by Stack.
# You should not edit this file by hand.
# For more information, please see the documentation at:
#   https://docs.haskellstack.org/en/stable/topics/lock_files

packages: []
snapshots:
- completed:
    sha256: d6da38fa1675e67fde9e21c50e4b2632aa4f9cbcb1d56767b995d66257070ce7
    size: 759343
    url: https://raw.githubusercontent.com/commercialhaskell/stackage-snapshots/master/nightly/2026/6/8.yaml
  original: nightly-2026-06-08
